{
    "version": 3,
    "terraform_version": "0.11.13",
    "serial": 7,
    "lineage": "3db6021b-bf4a-27ac-f190-5a2824f97d5e",
    "modules": [
        {
            "path": [
                "root"
            ],
            "outputs": {},
            "resources": {
                "aws_security_group.allow_ssh_in": {
                    "type": "aws_security_group",
                    "depends_on": [],
                    "primary": {
                        "id": "sg-064068de8d5dc69d6",
                        "attributes": {
                            "arn": "arn:aws:ec2:us-west-2:234252873463:security-group/sg-064068de8d5dc69d6",
                            "description": "Allow SSH inbound traffic",
                            "egress.#": "0",
                            "id": "sg-064068de8d5dc69d6",
                            "ingress.#": "1",
                            "ingress.1296511906.cidr_blocks.#": "2",
                            "ingress.1296511906.cidr_blocks.0": "192.169.10.0/23",
                            "ingress.1296511906.cidr_blocks.1": "71.59.139.40/32",
                            "ingress.1296511906.description": "",
                            "ingress.1296511906.from_port": "0",
                            "ingress.1296511906.ipv6_cidr_blocks.#": "0",
                            "ingress.1296511906.prefix_list_ids.#": "0",
                            "ingress.1296511906.protocol": "tcp",
                            "ingress.1296511906.security_groups.#": "0",
                            "ingress.1296511906.self": "false",
                            "ingress.1296511906.to_port": "22",
                            "name": "allow_ssh_in",
                            "owner_id": "234252873463",
                            "revoke_rules_on_delete": "false",
                            "tags.%": "1",
                            "tags.Name": "allow_ssh_in",
                            "vpc_id": "vpc-5ad9113d"
                        },
                        "meta": {
                            "e2bfb730-ecaa-11e6-8f88-34363bc7c4c0": {
                                "create": 600000000000,
                                "delete": 600000000000
                            },
                            "schema_version": "1"
                        },
                        "tainted": false
                    },
                    "deposed": [],
                    "provider": "provider.aws"
                }
            },
            "depends_on": []
        }
    ]
}
